# This file is automatically @generated by Cargo.
# It is not intended for manual editing.
[[package]]
name = "dbus"
version = "0.6.4"
source = "registry+https://github.com/rust-lang/crates.io-index"
dependencies = [
 "libc 0.2.51 (registry+https://github.com/rust-lang/crates.io-index)",
 "libdbus-sys 0.1.5 (registry+https://github.com/rust-lang/crates.io-index)",
]

[[package]]
name = "libc"
version = "0.2.51"
source = "registry+https://github.com/rust-lang/crates.io-index"

[[package]]
name = "libdbus-sys"
version = "0.1.5"
source = "registry+https://github.com/rust-lang/crates.io-index"
dependencies = [
 "pkg-config 0.3.14 (registry+https://github.com/rust-lang/crates.io-index)",
]

[[package]]
name = "pkg-config"
version = "0.3.14"
source = "registry+https://github.com/rust-lang/crates.io-index"

[[package]]
name = "toasty"
version = "0.1.0"
dependencies = [
 "dbus 0.6.4 (registry+https://github.com/rust-lang/crates.io-index)",
]

[metadata]
"checksum dbus 0.6.4 (registry+https://github.com/rust-lang/crates.io-index)" = "b9e1b39f3f6aa3d4a1522c4f0f9f1e9e9167bd93740a8690874caa7cf8ce47d7"
"checksum libc 0.2.51 (registry+https://github.com/rust-lang/crates.io-index)" = "bedcc7a809076656486ffe045abeeac163da1b558e963a31e29fbfbeba916917"
"checksum libdbus-sys 0.1.5 (registry+https://github.com/rust-lang/crates.io-index)" = "18cb88963258d00f4962205dbb5933d82780d9962c8c8a064b651d2ad7189210"
"checksum pkg-config 0.3.14 (registry+https://github.com/rust-lang/crates.io-index)" = "676e8eb2b1b4c9043511a9b7bea0915320d7e502b0a079fb03f9635a5252b18c"
